
Microsoft Visual Studio Solution File, Format Version 12.00
# Visual Studio Version 17
VisualStudioVersion = 17.4.33110.190
MinimumVisualStudioVersion = 10.0.40219.1
Project("{2150E333-8FDC-42A3-9474-1A3956D46DE8}") = "Solution Items", "Solution Items", "{A8615253-E554-4831-B93E-DDA4AF23FFBA}"
	ProjectSection(SolutionItems) = preProject
		global.json = global.json
	EndProjectSection
EndProject
Project("{2150E333-8FDC-42A3-9474-1A3956D46DE8}") = "src", "src", "{7F84FAA2-F9D5-44F9-8881-7FFEB6430DD6}"
EndProject
Project("{2150E333-8FDC-42A3-9474-1A3956D46DE8}") = "ApiGateways", "ApiGateways", "{A02EF16D-63AE-4789-9EE3-239881B116F7}"
EndProject
Project("{2150E333-8FDC-42A3-9474-1A3956D46DE8}") = "BuildingBlocks", "BuildingBlocks", "{49E7C979-BAAC-47A9-BD9B-D001A7F39F7D}"
EndProject
Project("{2150E333-8FDC-42A3-9474-1A3956D46DE8}") = "Services", "Services", "{A6BE5126-F178-4EEA-9ED8-C07376040CE8}"
EndProject
Project("{2150E333-8FDC-42A3-9474-1A3956D46DE8}") = "WebApps", "WebApps", "{85139B2C-8C6A-43FA-BA2B-A159F0ADC9C5}"
EndProject
Project("{9A19103F-16F7-4668-BE54-9A1E7A4F7556}") = "Common.Logging", "src\BuildingBlocks\Common.Logging\Common.Logging.csproj", "{23871F2F-6609-4F6F-8F2A-3C0060D8B588}"
EndProject
Project("{9A19103F-16F7-4668-BE54-9A1E7A4F7556}") = "EventBus.Messages", "src\BuildingBlocks\EventBus.Messages\EventBus.Messages.csproj", "{DFFC068E-5F9A-43AB-97A4-A6D2338B5551}"
EndProject
Project("{2150E333-8FDC-42A3-9474-1A3956D46DE8}") = "Basket", "Basket", "{80E61E44-ADC9-459C-9E47-0B6AE8198AB7}"
EndProject
Project("{2150E333-8FDC-42A3-9474-1A3956D46DE8}") = "Customer", "Customer", "{C6420A43-E363-4931-A2AA-DEE56E6AE53A}"
EndProject
Project("{2150E333-8FDC-42A3-9474-1A3956D46DE8}") = "Inventory", "Inventory", "{6CEE0B0B-622B-4862-ACD4-BBF91E47C0B2}"
EndProject
Project("{2150E333-8FDC-42A3-9474-1A3956D46DE8}") = "Ordering", "Ordering", "{D8B323D8-FE1B-486A-BE2F-0E10C533461A}"
EndProject
Project("{2150E333-8FDC-42A3-9474-1A3956D46DE8}") = "Product", "Product", "{BE34B6AA-D84A-4C35-A8C6-48EDDBBDA494}"
EndProject
Project("{2150E333-8FDC-42A3-9474-1A3956D46DE8}") = "ScheduledJob", "ScheduledJob", "{41FEE2D6-D84F-41B9-8DD9-5FAB6999B87D}"
EndProject
Project("{9A19103F-16F7-4668-BE54-9A1E7A4F7556}") = "WebHealthStatus", "src\WebApps\WebHealthStatus\WebHealthStatus.csproj", "{E5025E55-6DF9-46DA-ACCC-AFF048CDB316}"
EndProject
Project("{9A19103F-16F7-4668-BE54-9A1E7A4F7556}") = "Basket.API", "src\Services\Basket.API\Basket.API.csproj", "{8F054F46-7CC9-46AD-9F28-DBD914476684}"
EndProject
Project("{9A19103F-16F7-4668-BE54-9A1E7A4F7556}") = "Customer.API", "src\Services\Customer.API\Customer.API.csproj", "{AEF8824A-AB36-4C27-A8D5-32BA980D3282}"
EndProject
Project("{9A19103F-16F7-4668-BE54-9A1E7A4F7556}") = "Inventory.Product.API", "src\Services\Inventory.Product.API\Inventory.Product.API.csproj", "{6B6EA6D0-B472-4F50-9A60-2D4B7D0DEFC4}"
EndProject
Project("{9A19103F-16F7-4668-BE54-9A1E7A4F7556}") = "Ordering.API", "src\Services\Ordering.API\Ordering.API.csproj", "{E84D3368-B901-462B-9F07-335E6C53C7B7}"
EndProject
Project("{9A19103F-16F7-4668-BE54-9A1E7A4F7556}") = "Product.API", "src\Services\Product.API\Product.API.csproj", "{081F7BAC-2305-4D6B-A076-258873B4799C}"
EndProject
Project("{9A19103F-16F7-4668-BE54-9A1E7A4F7556}") = "Hangfire.API", "src\Services\Hangfire.API\Hangfire.API.csproj", "{C72CF4BE-BC53-4055-8461-9AF22E4F5CF1}"
EndProject
Project("{9A19103F-16F7-4668-BE54-9A1E7A4F7556}") = "Contracts", "src\BuildingBlocks\Contracts\Contracts.csproj", "{467AFF50-3658-4E9C-9CDF-DE08BB01BDAE}"
EndProject
Project("{9A19103F-16F7-4668-BE54-9A1E7A4F7556}") = "Infrastructure", "src\BuildingBlocks\Infrastructure\Infrastructure.csproj", "{60AC6B72-E312-4C1C-AB50-4813EE233276}"
EndProject
Project("{9A19103F-16F7-4668-BE54-9A1E7A4F7556}") = "Shared", "src\BuildingBlocks\Shared\Shared.csproj", "{49C40262-AE19-4902-B8C4-BC13199373D9}"
EndProject
Project("{9A19103F-16F7-4668-BE54-9A1E7A4F7556}") = "OcelotApiGateway", "src\ApiGateways\OcelotApiGateway\OcelotApiGateway.csproj", "{80EFE6E1-4AC3-4087-A609-98D9A8217780}"
EndProject
Project("{E53339B2-1760-4266-BCC7-CA923CBCF16C}") = "docker-compose", "docker-compose.dcproj", "{69CAC03A-29C5-4CB1-AE38-E20670C6AE86}"
EndProject
Global
	GlobalSection(SolutionConfigurationPlatforms) = preSolution
		Debug|Any CPU = Debug|Any CPU
		Release|Any CPU = Release|Any CPU
	EndGlobalSection
	GlobalSection(ProjectConfigurationPlatforms) = postSolution
		{23871F2F-6609-4F6F-8F2A-3C0060D8B588}.Debug|Any CPU.ActiveCfg = Debug|Any CPU
		{23871F2F-6609-4F6F-8F2A-3C0060D8B588}.Debug|Any CPU.Build.0 = Debug|Any CPU
		{23871F2F-6609-4F6F-8F2A-3C0060D8B588}.Release|Any CPU.ActiveCfg = Release|Any CPU
		{23871F2F-6609-4F6F-8F2A-3C0060D8B588}.Release|Any CPU.Build.0 = Release|Any CPU
		{DFFC068E-5F9A-43AB-97A4-A6D2338B5551}.Debug|Any CPU.ActiveCfg = Debug|Any CPU
		{DFFC068E-5F9A-43AB-97A4-A6D2338B5551}.Debug|Any CPU.Build.0 = Debug|Any CPU
		{DFFC068E-5F9A-43AB-97A4-A6D2338B5551}.Release|Any CPU.ActiveCfg = Release|Any CPU
		{DFFC068E-5F9A-43AB-97A4-A6D2338B5551}.Release|Any CPU.Build.0 = Release|Any CPU
		{E5025E55-6DF9-46DA-ACCC-AFF048CDB316}.Debug|Any CPU.ActiveCfg = Debug|Any CPU
		{E5025E55-6DF9-46DA-ACCC-AFF048CDB316}.Debug|Any CPU.Build.0 = Debug|Any CPU
		{E5025E55-6DF9-46DA-ACCC-AFF048CDB316}.Release|Any CPU.ActiveCfg = Release|Any CPU
		{E5025E55-6DF9-46DA-ACCC-AFF048CDB316}.Release|Any CPU.Build.0 = Release|Any CPU
		{8F054F46-7CC9-46AD-9F28-DBD914476684}.Debug|Any CPU.ActiveCfg = Debug|Any CPU
		{8F054F46-7CC9-46AD-9F28-DBD914476684}.Debug|Any CPU.Build.0 = Debug|Any CPU
		{8F054F46-7CC9-46AD-9F28-DBD914476684}.Release|Any CPU.ActiveCfg = Release|Any CPU
		{8F054F46-7CC9-46AD-9F28-DBD914476684}.Release|Any CPU.Build.0 = Release|Any CPU
		{AEF8824A-AB36-4C27-A8D5-32BA980D3282}.Debug|Any CPU.ActiveCfg = Debug|Any CPU
		{AEF8824A-AB36-4C27-A8D5-32BA980D3282}.Debug|Any CPU.Build.0 = Debug|Any CPU
		{AEF8824A-AB36-4C27-A8D5-32BA980D3282}.Release|Any CPU.ActiveCfg = Release|Any CPU
		{AEF8824A-AB36-4C27-A8D5-32BA980D3282}.Release|Any CPU.Build.0 = Release|Any CPU
		{6B6EA6D0-B472-4F50-9A60-2D4B7D0DEFC4}.Debug|Any CPU.ActiveCfg = Debug|Any CPU
		{6B6EA6D0-B472-4F50-9A60-2D4B7D0DEFC4}.Debug|Any CPU.Build.0 = Debug|Any CPU
		{6B6EA6D0-B472-4F50-9A60-2D4B7D0DEFC4}.Release|Any CPU.ActiveCfg = Release|Any CPU
		{6B6EA6D0-B472-4F50-9A60-2D4B7D0DEFC4}.Release|Any CPU.Build.0 = Release|Any CPU
		{E84D3368-B901-462B-9F07-335E6C53C7B7}.Debug|Any CPU.ActiveCfg = Debug|Any CPU
		{E84D3368-B901-462B-9F07-335E6C53C7B7}.Debug|Any CPU.Build.0 = Debug|Any CPU
		{E84D3368-B901-462B-9F07-335E6C53C7B7}.Release|Any CPU.ActiveCfg = Release|Any CPU
		{E84D3368-B901-462B-9F07-335E6C53C7B7}.Release|Any CPU.Build.0 = Release|Any CPU
		{081F7BAC-2305-4D6B-A076-258873B4799C}.Debug|Any CPU.ActiveCfg = Debug|Any CPU
		{081F7BAC-2305-4D6B-A076-258873B4799C}.Debug|Any CPU.Build.0 = Debug|Any CPU
		{081F7BAC-2305-4D6B-A076-258873B4799C}.Release|Any CPU.ActiveCfg = Release|Any CPU
		{081F7BAC-2305-4D6B-A076-258873B4799C}.Release|Any CPU.Build.0 = Release|Any CPU
		{C72CF4BE-BC53-4055-8461-9AF22E4F5CF1}.Debug|Any CPU.ActiveCfg = Debug|Any CPU
		{C72CF4BE-BC53-4055-8461-9AF22E4F5CF1}.Debug|Any CPU.Build.0 = Debug|Any CPU
		{C72CF4BE-BC53-4055-8461-9AF22E4F5CF1}.Release|Any CPU.ActiveCfg = Release|Any CPU
		{C72CF4BE-BC53-4055-8461-9AF22E4F5CF1}.Release|Any CPU.Build.0 = Release|Any CPU
		{467AFF50-3658-4E9C-9CDF-DE08BB01BDAE}.Debug|Any CPU.ActiveCfg = Debug|Any CPU
		{467AFF50-3658-4E9C-9CDF-DE08BB01BDAE}.Debug|Any CPU.Build.0 = Debug|Any CPU
		{467AFF50-3658-4E9C-9CDF-DE08BB01BDAE}.Release|Any CPU.ActiveCfg = Release|Any CPU
		{467AFF50-3658-4E9C-9CDF-DE08BB01BDAE}.Release|Any CPU.Build.0 = Release|Any CPU
		{60AC6B72-E312-4C1C-AB50-4813EE233276}.Debug|Any CPU.ActiveCfg = Debug|Any CPU
		{60AC6B72-E312-4C1C-AB50-4813EE233276}.Debug|Any CPU.Build.0 = Debug|Any CPU
		{60AC6B72-E312-4C1C-AB50-4813EE233276}.Release|Any CPU.ActiveCfg = Release|Any CPU
		{60AC6B72-E312-4C1C-AB50-4813EE233276}.Release|Any CPU.Build.0 = Release|Any CPU
		{49C40262-AE19-4902-B8C4-BC13199373D9}.Debug|Any CPU.ActiveCfg = Debug|Any CPU
		{49C40262-AE19-4902-B8C4-BC13199373D9}.Debug|Any CPU.Build.0 = Debug|Any CPU
		{49C40262-AE19-4902-B8C4-BC13199373D9}.Release|Any CPU.ActiveCfg = Release|Any CPU
		{49C40262-AE19-4902-B8C4-BC13199373D9}.Release|Any CPU.Build.0 = Release|Any CPU
		{80EFE6E1-4AC3-4087-A609-98D9A8217780}.Debug|Any CPU.ActiveCfg = Debug|Any CPU
		{80EFE6E1-4AC3-4087-A609-98D9A8217780}.Debug|Any CPU.Build.0 = Debug|Any CPU
		{80EFE6E1-4AC3-4087-A609-98D9A8217780}.Release|Any CPU.ActiveCfg = Release|Any CPU
		{80EFE6E1-4AC3-4087-A609-98D9A8217780}.Release|Any CPU.Build.0 = Release|Any CPU
		{69CAC03A-29C5-4CB1-AE38-E20670C6AE86}.Debug|Any CPU.ActiveCfg = Debug|Any CPU
		{69CAC03A-29C5-4CB1-AE38-E20670C6AE86}.Debug|Any CPU.Build.0 = Debug|Any CPU
		{69CAC03A-29C5-4CB1-AE38-E20670C6AE86}.Release|Any CPU.ActiveCfg = Release|Any CPU
		{69CAC03A-29C5-4CB1-AE38-E20670C6AE86}.Release|Any CPU.Build.0 = Release|Any CPU
	EndGlobalSection
	GlobalSection(SolutionProperties) = preSolution
		HideSolutionNode = FALSE
	EndGlobalSection
	GlobalSection(NestedProjects) = preSolution
		{A02EF16D-63AE-4789-9EE3-239881B116F7} = {7F84FAA2-F9D5-44F9-8881-7FFEB6430DD6}
		{49E7C979-BAAC-47A9-BD9B-D001A7F39F7D} = {7F84FAA2-F9D5-44F9-8881-7FFEB6430DD6}
		{A6BE5126-F178-4EEA-9ED8-C07376040CE8} = {7F84FAA2-F9D5-44F9-8881-7FFEB6430DD6}
		{85139B2C-8C6A-43FA-BA2B-A159F0ADC9C5} = {7F84FAA2-F9D5-44F9-8881-7FFEB6430DD6}
		{23871F2F-6609-4F6F-8F2A-3C0060D8B588} = {49E7C979-BAAC-47A9-BD9B-D001A7F39F7D}
		{DFFC068E-5F9A-43AB-97A4-A6D2338B5551} = {49E7C979-BAAC-47A9-BD9B-D001A7F39F7D}
		{80E61E44-ADC9-459C-9E47-0B6AE8198AB7} = {A6BE5126-F178-4EEA-9ED8-C07376040CE8}
		{C6420A43-E363-4931-A2AA-DEE56E6AE53A} = {A6BE5126-F178-4EEA-9ED8-C07376040CE8}
		{6CEE0B0B-622B-4862-ACD4-BBF91E47C0B2} = {A6BE5126-F178-4EEA-9ED8-C07376040CE8}
		{D8B323D8-FE1B-486A-BE2F-0E10C533461A} = {A6BE5126-F178-4EEA-9ED8-C07376040CE8}
		{BE34B6AA-D84A-4C35-A8C6-48EDDBBDA494} = {A6BE5126-F178-4EEA-9ED8-C07376040CE8}
		{41FEE2D6-D84F-41B9-8DD9-5FAB6999B87D} = {A6BE5126-F178-4EEA-9ED8-C07376040CE8}
		{E5025E55-6DF9-46DA-ACCC-AFF048CDB316} = {85139B2C-8C6A-43FA-BA2B-A159F0ADC9C5}
		{8F054F46-7CC9-46AD-9F28-DBD914476684} = {80E61E44-ADC9-459C-9E47-0B6AE8198AB7}
		{AEF8824A-AB36-4C27-A8D5-32BA980D3282} = {C6420A43-E363-4931-A2AA-DEE56E6AE53A}
		{6B6EA6D0-B472-4F50-9A60-2D4B7D0DEFC4} = {6CEE0B0B-622B-4862-ACD4-BBF91E47C0B2}
		{E84D3368-B901-462B-9F07-335E6C53C7B7} = {D8B323D8-FE1B-486A-BE2F-0E10C533461A}
		{081F7BAC-2305-4D6B-A076-258873B4799C} = {BE34B6AA-D84A-4C35-A8C6-48EDDBBDA494}
		{C72CF4BE-BC53-4055-8461-9AF22E4F5CF1} = {41FEE2D6-D84F-41B9-8DD9-5FAB6999B87D}
		{467AFF50-3658-4E9C-9CDF-DE08BB01BDAE} = {49E7C979-BAAC-47A9-BD9B-D001A7F39F7D}
		{60AC6B72-E312-4C1C-AB50-4813EE233276} = {49E7C979-BAAC-47A9-BD9B-D001A7F39F7D}
		{49C40262-AE19-4902-B8C4-BC13199373D9} = {49E7C979-BAAC-47A9-BD9B-D001A7F39F7D}
		{80EFE6E1-4AC3-4087-A609-98D9A8217780} = {A02EF16D-63AE-4789-9EE3-239881B116F7}
	EndGlobalSection
	GlobalSection(ExtensibilityGlobals) = postSolution
		SolutionGuid = {E7D3F321-9940-4ABD-B29F-8E09AA84A737}
	EndGlobalSection
EndGlobal
